
Microsoft Visual Studio Solution File, Format Version 12.00
# Visual Studio Version 17
VisualStudioVersion = 17.4.33122.133
MinimumVisualStudioVersion = 10.0.40219.1
Project("{9A19103F-16F7-4668-BE54-9A1E7A4F7556}") = "Unit Converter 2023", "Unit Converter 2023.csproj", "{9A7430EF-662D-460F-A18B-C9A09B791952}"
EndProject
Global
	GlobalSection(SolutionConfigurationPlatforms) = preSolution
		Debug|Any CPU = Debug|Any CPU
		Release|Any CPU = Release|Any CPU
	EndGlobalSection
	GlobalSection(ProjectConfigurationPlatforms) = postSolution
		{9A7430EF-662D-460F-A18B-C9A09B791952}.Debug|Any CPU.ActiveCfg = Debug|Any CPU
		{9A7430EF-662D-460F-A18B-C9A09B791952}.Debug|Any CPU.Build.0 = Debug|Any CPU
		{9A7430EF-662D-460F-A18B-C9A09B791952}.Release|Any CPU.ActiveCfg = Release|Any CPU
		{9A7430EF-662D-460F-A18B-C9A09B791952}.Release|Any CPU.Build.0 = Release|Any CPU
	EndGlobalSection
	GlobalSection(SolutionProperties) = preSolution
		HideSolutionNode = FALSE
	EndGlobalSection
	GlobalSection(ExtensibilityGlobals) = postSolution
		SolutionGuid = {64101124-C945-420E-A3C8-18D66CF9E25C}
	EndGlobalSection
EndGlobal
